# This file is automatically @generated by Cargo.
# It is not intended for manual editing.
version = 3

[[package]]
name = "algebraic_structure"
version = "0.1.0"
dependencies = [
 "algebraic_traits",
 "numeric_traits",
]

[[package]]
name = "algebraic_traits"
version = "0.1.0"

[[package]]
name = "numeric_traits"
version = "0.1.0"

[[package]]
name = "union_find"
version = "0.1.0"
dependencies = [
 "algebraic_structure",
 "algebraic_traits",
]
